
Microsoft Visual Studio Solution File, Format Version 12.00
# Visual Studio Version 16
VisualStudioVersion = 16.0.28922.388
MinimumVisualStudioVersion = 10.0.40219.1
Project("{FAE04EC0-301F-11D3-BF4B-00C04F79EFBC}") = "CardioCALC.UWP", "CardioCALC.UWP\CardioCALC.UWP.csproj", "{D9E0D45C-D9BD-4364-9693-EA20E6F67B77}"
EndProject
Project("{FAE04EC0-301F-11D3-BF4B-00C04F79EFBC}") = "CardioCALC.Android", "CardioCALC.Android\CardioCALC.Android.csproj", "{2D32F770-92D5-4437-A961-C79EC4428002}"
EndProject
Project("{FAE04EC0-301F-11D3-BF4B-00C04F79EFBC}") = "CardioCALC.iOS", "CardioCALC.iOS\CardioCALC.iOS.csproj", "{F6153E3F-118D-411C-9D76-81594A96B075}"
EndProject
Project("{FAE04EC0-301F-11D3-BF4B-00C04F79EFBC}") = "CardioCALC", "CardioCALC\CardioCALC.csproj", "{6332455A-3E85-4B3D-A86A-A78FD4BC9059}"
EndProject
Global
	GlobalSection(SolutionConfigurationPlatforms) = preSolution
		Debug|Any CPU = Debug|Any CPU
		Debug|ARM = Debug|ARM
		Debug|iPhone = Debug|iPhone
		Debug|iPhoneSimulator = Debug|iPhoneSimulator
		Debug|x64 = Debug|x64
		Debug|x86 = Debug|x86
		Release|Any CPU = Release|Any CPU
		Release|ARM = Release|ARM
		Release|iPhone = Release|iPhone
		Release|iPhoneSimulator = Release|iPhoneSimulator
		Release|x64 = Release|x64
		Release|x86 = Release|x86
	EndGlobalSection
	GlobalSection(ProjectConfigurationPlatforms) = postSolution
		{D9E0D45C-D9BD-4364-9693-EA20E6F67B77}.Debug|Any CPU.ActiveCfg = Debug|x86
		{D9E0D45C-D9BD-4364-9693-EA20E6F67B77}.Debug|Any CPU.Build.0 = Debug|x86
		{D9E0D45C-D9BD-4364-9693-EA20E6F67B77}.Debug|Any CPU.Deploy.0 = Debug|x86
		{D9E0D45C-D9BD-4364-9693-EA20E6F67B77}.Debug|ARM.ActiveCfg = Debug|ARM
		{D9E0D45C-D9BD-4364-9693-EA20E6F67B77}.Debug|ARM.Build.0 = Debug|ARM
		{D9E0D45C-D9BD-4364-9693-EA20E6F67B77}.Debug|ARM.Deploy.0 = Debug|ARM
		{D9E0D45C-D9BD-4364-9693-EA20E6F67B77}.Debug|iPhone.ActiveCfg = Debug|x86
		{D9E0D45C-D9BD-4364-9693-EA20E6F67B77}.Debug|iPhone.Build.0 = Debug|x86
		{D9E0D45C-D9BD-4364-9693-EA20E6F67B77}.Debug|iPhone.Deploy.0 = Debug|x86
		{D9E0D45C-D9BD-4364-9693-EA20E6F67B77}.Debug|iPhoneSimulator.ActiveCfg = Debug|x86
		{D9E0D45C-D9BD-4364-9693-EA20E6F67B77}.Debug|iPhoneSimulator.Build.0 = Debug|x86
		{D9E0D45C-D9BD-4364-9693-EA20E6F67B77}.Debug|iPhoneSimulator.Deploy.0 = Debug|x86
		{D9E0D45C-D9BD-4364-9693-EA20E6F67B77}.Debug|x64.ActiveCfg = Debug|x64
		{D9E0D45C-D9BD-4364-9693-EA20E6F67B77}.Debug|x64.Build.0 = Debug|x64
		{D9E0D45C-D9BD-4364-9693-EA20E6F67B77}.Debug|x64.Deploy.0 = Debug|x64
		{D9E0D45C-D9BD-4364-9693-EA20E6F67B77}.Debug|x86.ActiveCfg = Debug|x86
		{D9E0D45C-D9BD-4364-9693-EA20E6F67B77}.Debug|x86.Build.0 = Debug|x86
		{D9E0D45C-D9BD-4364-9693-EA20E6F67B77}.Debug|x86.Deploy.0 = Debug|x86
		{D9E0D45C-D9BD-4364-9693-EA20E6F67B77}.Release|Any CPU.ActiveCfg = Release|x86
		{D9E0D45C-D9BD-4364-9693-EA20E6F67B77}.Release|Any CPU.Build.0 = Release|x86
		{D9E0D45C-D9BD-4364-9693-EA20E6F67B77}.Release|Any CPU.Deploy.0 = Release|x86
		{D9E0D45C-D9BD-4364-9693-EA20E6F67B77}.Release|ARM.ActiveCfg = Release|ARM
		{D9E0D45C-D9BD-4364-9693-EA20E6F67B77}.Release|ARM.Build.0 = Release|ARM
		{D9E0D45C-D9BD-4364-9693-EA20E6F67B77}.Release|ARM.Deploy.0 = Release|ARM
		{D9E0D45C-D9BD-4364-9693-EA20E6F67B77}.Release|iPhone.ActiveCfg = Release|x86
		{D9E0D45C-D9BD-4364-9693-EA20E6F67B77}.Release|iPhone.Build.0 = Release|x86
		{D9E0D45C-D9BD-4364-9693-EA20E6F67B77}.Release|iPhone.Deploy.0 = Release|x86
		{D9E0D45C-D9BD-4364-9693-EA20E6F67B77}.Release|iPhoneSimulator.ActiveCfg = Release|x86
		{D9E0D45C-D9BD-4364-9693-EA20E6F67B77}.Release|iPhoneSimulator.Build.0 = Release|x86
		{D9E0D45C-D9BD-4364-9693-EA20E6F67B77}.Release|iPhoneSimulator.Deploy.0 = Release|x86
		{D9E0D45C-D9BD-4364-9693-EA20E6F67B77}.Release|x64.ActiveCfg = Release|x64
		{D9E0D45C-D9BD-4364-9693-EA20E6F67B77}.Release|x64.Build.0 = Release|x64
		{D9E0D45C-D9BD-4364-9693-EA20E6F67B77}.Release|x64.Deploy.0 = Release|x64
		{D9E0D45C-D9BD-4364-9693-EA20E6F67B77}.Release|x86.ActiveCfg = Release|x86
		{D9E0D45C-D9BD-4364-9693-EA20E6F67B77}.Release|x86.Build.0 = Release|x86
		{D9E0D45C-D9BD-4364-9693-EA20E6F67B77}.Release|x86.Deploy.0 = Release|x86
		{2D32F770-92D5-4437-A961-C79EC4428002}.Debug|Any CPU.ActiveCfg = Debug|Any CPU
		{2D32F770-92D5-4437-A961-C79EC4428002}.Debug|Any CPU.Build.0 = Debug|Any CPU
		{2D32F770-92D5-4437-A961-C79EC4428002}.Debug|Any CPU.Deploy.0 = Debug|Any CPU
		{2D32F770-92D5-4437-A961-C79EC4428002}.Debug|ARM.ActiveCfg = Debug|Any CPU
		{2D32F770-92D5-4437-A961-C79EC4428002}.Debug|ARM.Build.0 = Debug|Any CPU
		{2D32F770-92D5-4437-A961-C79EC4428002}.Debug|ARM.Deploy.0 = Debug|Any CPU
		{2D32F770-92D5-4437-A961-C79EC4428002}.Debug|iPhone.ActiveCfg = Debug|Any CPU
		{2D32F770-92D5-4437-A961-C79EC4428002}.Debug|iPhone.Build.0 = Debug|Any CPU
		{2D32F770-92D5-4437-A961-C79EC4428002}.Debug|iPhone.Deploy.0 = Debug|Any CPU
		{2D32F770-92D5-4437-A961-C79EC4428002}.Debug|iPhoneSimulator.ActiveCfg = Debug|Any CPU
		{2D32F770-92D5-4437-A961-C79EC4428002}.Debug|iPhoneSimulator.Build.0 = Debug|Any CPU
		{2D32F770-92D5-4437-A961-C79EC4428002}.Debug|iPhoneSimulator.Deploy.0 = Debug|Any CPU
		{2D32F770-92D5-4437-A961-C79EC4428002}.Debug|x64.ActiveCfg = Debug|Any CPU
		{2D32F770-92D5-4437-A961-C79EC4428002}.Debug|x64.Build.0 = Debug|Any CPU
		{2D32F770-92D5-4437-A961-C79EC4428002}.Debug|x64.Deploy.0 = Debug|Any CPU
		{2D32F770-92D5-4437-A961-C79EC4428002}.Debug|x86.ActiveCfg = Debug|Any CPU
		{2D32F770-92D5-4437-A961-C79EC4428002}.Debug|x86.Build.0 = Debug|Any CPU
		{2D32F770-92D5-4437-A961-C79EC4428002}.Debug|x86.Deploy.0 = Debug|Any CPU
		{2D32F770-92D5-4437-A961-C79EC4428002}.Release|Any CPU.ActiveCfg = Release|Any CPU
		{2D32F770-92D5-4437-A961-C79EC4428002}.Release|Any CPU.Build.0 = Release|Any CPU
		{2D32F770-92D5-4437-A961-C79EC4428002}.Release|Any CPU.Deploy.0 = Release|Any CPU
		{2D32F770-92D5-4437-A961-C79EC4428002}.Release|ARM.ActiveCfg = Release|Any CPU
		{2D32F770-92D5-4437-A961-C79EC4428002}.Release|ARM.Build.0 = Release|Any CPU
		{2D32F770-92D5-4437-A961-C79EC4428002}.Release|ARM.Deploy.0 = Release|Any CPU
		{2D32F770-92D5-4437-A961-C79EC4428002}.Release|iPhone.ActiveCfg = Release|Any CPU
		{2D32F770-92D5-4437-A961-C79EC4428002}.Release|iPhone.Build.0 = Release|Any CPU
		{2D32F770-92D5-4437-A961-C79EC4428002}.Release|iPhone.Deploy.0 = Release|Any CPU
		{2D32F770-92D5-4437-A961-C79EC4428002}.Release|iPhoneSimulator.ActiveCfg = Release|Any CPU
		{2D32F770-92D5-4437-A961-C79EC4428002}.Release|iPhoneSimulator.Build.0 = Release|Any CPU
		{2D32F770-92D5-4437-A961-C79EC4428002}.Release|iPhoneSimulator.Deploy.0 = Release|Any CPU
		{2D32F770-92D5-4437-A961-C79EC4428002}.Release|x64.ActiveCfg = Release|Any CPU
		{2D32F770-92D5-4437-A961-C79EC4428002}.Release|x64.Build.0 = Release|Any CPU
		{2D32F770-92D5-4437-A961-C79EC4428002}.Release|x64.Deploy.0 = Release|Any CPU
		{2D32F770-92D5-4437-A961-C79EC4428002}.Release|x86.ActiveCfg = Release|Any CPU
		{2D32F770-92D5-4437-A961-C79EC4428002}.Release|x86.Build.0 = Release|Any CPU
		{2D32F770-92D5-4437-A961-C79EC4428002}.Release|x86.Deploy.0 = Release|Any CPU
		{F6153E3F-118D-411C-9D76-81594A96B075}.Debug|Any CPU.ActiveCfg = Debug|iPhone
		{F6153E3F-118D-411C-9D76-81594A96B075}.Debug|Any CPU.Build.0 = Debug|iPhone
		{F6153E3F-118D-411C-9D76-81594A96B075}.Debug|Any CPU.Deploy.0 = Debug|iPhone
		{F6153E3F-118D-411C-9D76-81594A96B075}.Debug|ARM.ActiveCfg = Debug|iPhoneSimulator
		{F6153E3F-118D-411C-9D76-81594A96B075}.Debug|ARM.Build.0 = Debug|iPhoneSimulator
		{F6153E3F-118D-411C-9D76-81594A96B075}.Debug|ARM.Deploy.0 = Debug|iPhoneSimulator
		{F6153E3F-118D-411C-9D76-81594A96B075}.Debug|iPhone.ActiveCfg = Debug|iPhone
		{F6153E3F-118D-411C-9D76-81594A96B075}.Debug|iPhone.Build.0 = Debug|iPhone
		{F6153E3F-118D-411C-9D76-81594A96B075}.Debug|iPhone.Deploy.0 = Debug|iPhone
		{F6153E3F-118D-411C-9D76-81594A96B075}.Debug|iPhoneSimulator.ActiveCfg = Debug|iPhoneSimulator
		{F6153E3F-118D-411C-9D76-81594A96B075}.Debug|iPhoneSimulator.Build.0 = Debug|iPhoneSimulator
		{F6153E3F-118D-411C-9D76-81594A96B075}.Debug|iPhoneSimulator.Deploy.0 = Debug|iPhoneSimulator
		{F6153E3F-118D-411C-9D76-81594A96B075}.Debug|x64.ActiveCfg = Debug|iPhone
		{F6153E3F-118D-411C-9D76-81594A96B075}.Debug|x64.Build.0 = Debug|iPhone
		{F6153E3F-118D-411C-9D76-81594A96B075}.Debug|x64.Deploy.0 = Debug|iPhone
		{F6153E3F-118D-411C-9D76-81594A96B075}.Debug|x86.ActiveCfg = Debug|iPhone
		{F6153E3F-118D-411C-9D76-81594A96B075}.Debug|x86.Build.0 = Debug|iPhone
		{F6153E3F-118D-411C-9D76-81594A96B075}.Debug|x86.Deploy.0 = Debug|iPhone
		{F6153E3F-118D-411C-9D76-81594A96B075}.Release|Any CPU.ActiveCfg = Release|iPhone
		{F6153E3F-118D-411C-9D76-81594A96B075}.Release|Any CPU.Build.0 = Release|iPhone
		{F6153E3F-118D-411C-9D76-81594A96B075}.Release|Any CPU.Deploy.0 = Release|iPhone
		{F6153E3F-118D-411C-9D76-81594A96B075}.Release|ARM.ActiveCfg = Release|iPhone
		{F6153E3F-118D-411C-9D76-81594A96B075}.Release|ARM.Build.0 = Release|iPhone
		{F6153E3F-118D-411C-9D76-81594A96B075}.Release|ARM.Deploy.0 = Release|iPhone
		{F6153E3F-118D-411C-9D76-81594A96B075}.Release|iPhone.ActiveCfg = Release|iPhone
		{F6153E3F-118D-411C-9D76-81594A96B075}.Release|iPhone.Build.0 = Release|iPhone
		{F6153E3F-118D-411C-9D76-81594A96B075}.Release|iPhone.Deploy.0 = Release|iPhone
		{F6153E3F-118D-411C-9D76-81594A96B075}.Release|iPhoneSimulator.ActiveCfg = Release|iPhoneSimulator
		{F6153E3F-118D-411C-9D76-81594A96B075}.Release|iPhoneSimulator.Build.0 = Release|iPhoneSimulator
		{F6153E3F-118D-411C-9D76-81594A96B075}.Release|iPhoneSimulator.Deploy.0 = Release|iPhoneSimulator
		{F6153E3F-118D-411C-9D76-81594A96B075}.Release|x64.ActiveCfg = Release|iPhone
		{F6153E3F-118D-411C-9D76-81594A96B075}.Release|x64.Build.0 = Release|iPhone
		{F6153E3F-118D-411C-9D76-81594A96B075}.Release|x64.Deploy.0 = Release|iPhone
		{F6153E3F-118D-411C-9D76-81594A96B075}.Release|x86.ActiveCfg = Release|iPhone
		{F6153E3F-118D-411C-9D76-81594A96B075}.Release|x86.Build.0 = Release|iPhone
		{F6153E3F-118D-411C-9D76-81594A96B075}.Release|x86.Deploy.0 = Release|iPhone
		{6332455A-3E85-4B3D-A86A-A78FD4BC9059}.Debug|Any CPU.ActiveCfg = Debug|Any CPU
		{6332455A-3E85-4B3D-A86A-A78FD4BC9059}.Debug|Any CPU.Build.0 = Debug|Any CPU
		{6332455A-3E85-4B3D-A86A-A78FD4BC9059}.Debug|Any CPU.Deploy.0 = Debug|Any CPU
		{6332455A-3E85-4B3D-A86A-A78FD4BC9059}.Debug|ARM.ActiveCfg = Debug|Any CPU
		{6332455A-3E85-4B3D-A86A-A78FD4BC9059}.Debug|ARM.Build.0 = Debug|Any CPU
		{6332455A-3E85-4B3D-A86A-A78FD4BC9059}.Debug|ARM.Deploy.0 = Debug|Any CPU
		{6332455A-3E85-4B3D-A86A-A78FD4BC9059}.Debug|iPhone.ActiveCfg = Debug|Any CPU
		{6332455A-3E85-4B3D-A86A-A78FD4BC9059}.Debug|iPhone.Build.0 = Debug|Any CPU
		{6332455A-3E85-4B3D-A86A-A78FD4BC9059}.Debug|iPhone.Deploy.0 = Debug|Any CPU
		{6332455A-3E85-4B3D-A86A-A78FD4BC9059}.Debug|iPhoneSimulator.ActiveCfg = Debug|Any CPU
		{6332455A-3E85-4B3D-A86A-A78FD4BC9059}.Debug|iPhoneSimulator.Build.0 = Debug|Any CPU
		{6332455A-3E85-4B3D-A86A-A78FD4BC9059}.Debug|iPhoneSimulator.Deploy.0 = Debug|Any CPU
		{6332455A-3E85-4B3D-A86A-A78FD4BC9059}.Debug|x64.ActiveCfg = Debug|Any CPU
		{6332455A-3E85-4B3D-A86A-A78FD4BC9059}.Debug|x64.Build.0 = Debug|Any CPU
		{6332455A-3E85-4B3D-A86A-A78FD4BC9059}.Debug|x64.Deploy.0 = Debug|Any CPU
		{6332455A-3E85-4B3D-A86A-A78FD4BC9059}.Debug|x86.ActiveCfg = Debug|Any CPU
		{6332455A-3E85-4B3D-A86A-A78FD4BC9059}.Debug|x86.Build.0 = Debug|Any CPU
		{6332455A-3E85-4B3D-A86A-A78FD4BC9059}.Debug|x86.Deploy.0 = Debug|Any CPU
		{6332455A-3E85-4B3D-A86A-A78FD4BC9059}.Release|Any CPU.ActiveCfg = Release|Any CPU
		{6332455A-3E85-4B3D-A86A-A78FD4BC9059}.Release|Any CPU.Build.0 = Release|Any CPU
		{6332455A-3E85-4B3D-A86A-A78FD4BC9059}.Release|Any CPU.Deploy.0 = Release|Any CPU
		{6332455A-3E85-4B3D-A86A-A78FD4BC9059}.Release|ARM.ActiveCfg = Release|Any CPU
		{6332455A-3E85-4B3D-A86A-A78FD4BC9059}.Release|ARM.Build.0 = Release|Any CPU
		{6332455A-3E85-4B3D-A86A-A78FD4BC9059}.Release|ARM.Deploy.0 = Release|Any CPU
		{6332455A-3E85-4B3D-A86A-A78FD4BC9059}.Release|iPhone.ActiveCfg = Release|Any CPU
		{6332455A-3E85-4B3D-A86A-A78FD4BC9059}.Release|iPhone.Build.0 = Release|Any CPU
		{6332455A-3E85-4B3D-A86A-A78FD4BC9059}.Release|iPhone.Deploy.0 = Release|Any CPU
		{6332455A-3E85-4B3D-A86A-A78FD4BC9059}.Release|iPhoneSimulator.ActiveCfg = Release|Any CPU
		{6332455A-3E85-4B3D-A86A-A78FD4BC9059}.Release|iPhoneSimulator.Build.0 = Release|Any CPU
		{6332455A-3E85-4B3D-A86A-A78FD4BC9059}.Release|iPhoneSimulator.Deploy.0 = Release|Any CPU
		{6332455A-3E85-4B3D-A86A-A78FD4BC9059}.Release|x64.ActiveCfg = Release|Any CPU
		{6332455A-3E85-4B3D-A86A-A78FD4BC9059}.Release|x64.Build.0 = Release|Any CPU
		{6332455A-3E85-4B3D-A86A-A78FD4BC9059}.Release|x64.Deploy.0 = Release|Any CPU
		{6332455A-3E85-4B3D-A86A-A78FD4BC9059}.Release|x86.ActiveCfg = Release|Any CPU
		{6332455A-3E85-4B3D-A86A-A78FD4BC9059}.Release|x86.Build.0 = Release|Any CPU
		{6332455A-3E85-4B3D-A86A-A78FD4BC9059}.Release|x86.Deploy.0 = Release|Any CPU
	EndGlobalSection
	GlobalSection(SolutionProperties) = preSolution
		HideSolutionNode = FALSE
	EndGlobalSection
	GlobalSection(ExtensibilityGlobals) = postSolution
		SolutionGuid = {7B70E1D6-0A9A-482E-BC43-C5DA55263B7E}
	EndGlobalSection
EndGlobal
